{
  "name": "batu-tea",
  "lockfileVersion": 3,
  "requires": true,
  "packages": {
    "": {
      "dependencies": {
        "math-long": "^1.0.0"
      }
    },
    "node_modules/math-long": {
      "version": "1.0.0",
      "resolved": "https://registry.npmjs.org/math-long/-/math-long-1.0.0.tgz",
      "integrity": "sha512-H+LdtUOqCddiBbbxfo/7JZbfjPlN0XgX4CUNVq20UXEL7GE8+kZid9YhPy65PR21zggprZwDnZChl6u9p0Vs0w=="
    }
  }
}
